// !$*UTF8*$!
{
	archiveVersion = 1;
	classes = {
	};
	objectVersion = 56;
	objects = {

/* Begin PBXBuildFile section */
		8C7C61E729BCE67400F59152 /* AppDelegate.swift in Sources */ = {isa = PBXBuildFile; fileRef = 8C7C61E629BCE67400F59152 /* AppDelegate.swift */; };
		8C7C61E929BCE67400F59152 /* SceneDelegate.swift in Sources */ = {isa = PBXBuildFile; fileRef = 8C7C61E829BCE67400F59152 /* SceneDelegate.swift */; };
		8C7C61F029BCE67500F59152 /* Assets.xcassets in Resources */ = {isa = PBXBuildFile; fileRef = 8C7C61EF29BCE67500F59152 /* Assets.xcassets */; };
		8C7C61F329BCE67500F59152 /* LaunchScreen.storyboard in Resources */ = {isa = PBXBuildFile; fileRef = 8C7C61F129BCE67500F59152 /* LaunchScreen.storyboard */; };
		8C8F538B29C8BF3600DB9A41 /* Constants.swift in Sources */ = {isa = PBXBuildFile; fileRef = 8C8F538A29C8BF3500DB9A41 /* Constants.swift */; };
		8CC7270A29C1E5BF00128941 /* PhotosTabBarController.swift in Sources */ = {isa = PBXBuildFile; fileRef = 8CC7270929C1E5BF00128941 /* PhotosTabBarController.swift */; };
		8CC7270D29C1E68100128941 /* AlbumsViewController.swift in Sources */ = {isa = PBXBuildFile; fileRef = 8CC7270C29C1E68100128941 /* AlbumsViewController.swift */; };
		8CC7270F29C1E6E100128941 /* DefaultViewController.swift in Sources */ = {isa = PBXBuildFile; fileRef = 8CC7270E29C1E6E100128941 /* DefaultViewController.swift */; };
		8CC7271229C1EF2800128941 /* SnapKit in Frameworks */ = {isa = PBXBuildFile; productRef = 8CC7271129C1EF2800128941 /* SnapKit */; };
		8CC7271429C1F02600128941 /* AlbumHorizontalCollectionViewCell.swift in Sources */ = {isa = PBXBuildFile; fileRef = 8CC7271329C1F02600128941 /* AlbumHorizontalCollectionViewCell.swift */; };
		8CC7271929C22B4200128941 /* Album.swift in Sources */ = {isa = PBXBuildFile; fileRef = 8CC7271829C22B4200128941 /* Album.swift */; };
		8CFA5F5129C24812000AD630 /* AlbumHeader.swift in Sources */ = {isa = PBXBuildFile; fileRef = 8CFA5F5029C24812000AD630 /* AlbumHeader.swift */; };
		8CFA5F5329C2570E000AD630 /* AlbumVerticalCollectionViewCell.swift in Sources */ = {isa = PBXBuildFile; fileRef = 8CFA5F5229C2570E000AD630 /* AlbumVerticalCollectionViewCell.swift */; };
/* End PBXBuildFile section */

/* Begin PBXFileReference section */
		8C7C61E329BCE67400F59152 /* AlbumsLayout.app */ = {isa = PBXFileReference; explicitFileType = wrapper.application; includeInIndex = 0; path = AlbumsLayout.app; sourceTree = BUILT_PRODUCTS_DIR; };
		8C7C61E629BCE67400F59152 /* AppDelegate.swift */ = {isa = PBXFileReference; lastKnownFileType = sourcecode.swift; path = AppDelegate.swift; sourceTree = "<group>"; };
		8C7C61E829BCE67400F59152 /* SceneDelegate.swift */ = {isa = PBXFileReference; lastKnownFileType = sourcecode.swift; path = SceneDelegate.swift; sourceTree = "<group>"; };
		8C7C61EF29BCE67500F59152 /* Assets.xcassets */ = {isa = PBXFileReference; lastKnownFileType = folder.assetcatalog; path = Assets.xcassets; sourceTree = "<group>"; };
		8C7C61F229BCE67500F59152 /* Base */ = {isa = PBXFileReference; lastKnownFileType = file.storyboard; name = Base; path = Base.lproj/LaunchScreen.storyboard; sourceTree = "<group>"; };
		8C7C61F429BCE67500F59152 /* Info.plist */ = {isa = PBXFileReference; lastKnownFileType = text.plist.xml; path = Info.plist; sourceTree = "<group>"; };
		8C8F538A29C8BF3500DB9A41 /* Constants.swift */ = {isa = PBXFileReference; lastKnownFileType = sourcecode.swift; path = Constants.swift; sourceTree = "<group>"; };
		8CC7270929C1E5BF00128941 /* PhotosTabBarController.swift */ = {isa = PBXFileReference; lastKnownFileType = sourcecode.swift; path = PhotosTabBarController.swift; sourceTree = "<group>"; };
		8CC7270C29C1E68100128941 /* AlbumsViewController.swift */ = {isa = PBXFileReference; lastKnownFileType = sourcecode.swift; path = AlbumsViewController.swift; sourceTree = "<group>"; };
		8CC7270E29C1E6E100128941 /* DefaultViewController.swift */ = {isa = PBXFileReference; lastKnownFileType = sourcecode.swift; path = DefaultViewController.swift; sourceTree = "<group>"; };
		8CC7271329C1F02600128941 /* AlbumHorizontalCollectionViewCell.swift */ = {isa = PBXFileReference; lastKnownFileType = sourcecode.swift; path = AlbumHorizontalCollectionViewCell.swift; sourceTree = "<group>"; };
		8CC7271829C22B4200128941 /* Album.swift */ = {isa = PBXFileReference; lastKnownFileType = sourcecode.swift; path = Album.swift; sourceTree = "<group>"; };
		8CFA5F5029C24812000AD630 /* AlbumHeader.swift */ = {isa = PBXFileReference; lastKnownFileType = sourcecode.swift; path = AlbumHeader.swift; sourceTree = "<group>"; };
		8CFA5F5229C2570E000AD630 /* AlbumVerticalCollectionViewCell.swift */ = {isa = PBXFileReference; lastKnownFileType = sourcecode.swift; path = AlbumVerticalCollectionViewCell.swift; sourceTree = "<group>"; };
/* End PBXFileReference section */

/* Begin PBXFrameworksBuildPhase section */
		8C7C61E029BCE67400F59152 /* Frameworks */ = {
			isa = PBXFrameworksBuildPhase;
			buildActionMask = 2147483647;
			files = (
				8CC7271229C1EF2800128941 /* SnapKit in Frameworks */,
			);
			runOnlyForDeploymentPostprocessing = 0;
		};
/* End PBXFrameworksBuildPhase section */

/* Begin PBXGroup section */
		8C7C61DA29BCE67400F59152 = {
			isa = PBXGroup;
			children = (
				8C7C61E529BCE67400F59152 /* AlbumsLayout */,
				8C7C61E429BCE67400F59152 /* Products */,
			);
			sourceTree = "<group>";
		};
		8C7C61E429BCE67400F59152 /* Products */ = {
			isa = PBXGroup;
			children = (
				8C7C61E329BCE67400F59152 /* AlbumsLayout.app */,
			);
			name = Products;
			sourceTree = "<group>";
		};
		8C7C61E529BCE67400F59152 /* AlbumsLayout */ = {
			isa = PBXGroup;
			children = (
				8CC7270529C1E4E100128941 /* Resources */,
				8CC7270429C1E4D300128941 /* Sources */,
			);
			path = AlbumsLayout;
			sourceTree = "<group>";
		};
		8CC7270429C1E4D300128941 /* Sources */ = {
			isa = PBXGroup;
			children = (
				8C7C61E629BCE67400F59152 /* AppDelegate.swift */,
				8C7C61E829BCE67400F59152 /* SceneDelegate.swift */,
				8CC7270829C1E50E00128941 /* App */,
				8CC7270729C1E4F700128941 /* Storyboards */,
			);
			path = Sources;
			sourceTree = "<group>";
		};
		8CC7270529C1E4E100128941 /* Resources */ = {
			isa = PBXGroup;
			children = (
				8C7C61EF29BCE67500F59152 /* Assets.xcassets */,
				8CC7270629C1E4EB00128941 /* Configuration */,
			);
			path = Resources;
			sourceTree = "<group>";
		};
		8CC7270629C1E4EB00128941 /* Configuration */ = {
			isa = PBXGroup;
			children = (
				8C7C61F429BCE67500F59152 /* Info.plist */,
			);
			path = Configuration;
			sourceTree = "<group>";
		};
		8CC7270729C1E4F700128941 /* Storyboards */ = {
			isa = PBXGroup;
			children = (
				8C7C61F129BCE67500F59152 /* LaunchScreen.storyboard */,
			);
			path = Storyboards;
			sourceTree = "<group>";
		};
		8CC7270829C1E50E00128941 /* App */ = {
			isa = PBXGroup;
			children = (
				8CC7271729C22B3800128941 /* Models */,
				8CC7270B29C1E65200128941 /* Controllers */,
				8CFA5F5029C24812000AD630 /* AlbumHeader.swift */,
				8C8F538A29C8BF3500DB9A41 /* Constants.swift */,
			);
			path = App;
			sourceTree = "<group>";
		};
		8CC7270B29C1E65200128941 /* Controllers */ = {
			isa = PBXGroup;
			children = (
				8CC7270929C1E5BF00128941 /* PhotosTabBarController.swift */,
				8CC7270C29C1E68100128941 /* AlbumsViewController.swift */,
				8CC7271329C1F02600128941 /* AlbumHorizontalCollectionViewCell.swift */,
				8CFA5F5229C2570E000AD630 /* AlbumVerticalCollectionViewCell.swift */,
				8CC7270E29C1E6E100128941 /* DefaultViewController.swift */,
			);
			path = Controllers;
			sourceTree = "<group>";
		};
		8CC7271729C22B3800128941 /* Models */ = {
			isa = PBXGroup;
			children = (
				8CC7271829C22B4200128941 /* Album.swift */,
			);
			path = Models;
			sourceTree = "<group>";
		};
/* End PBXGroup section */

/* Begin PBXNativeTarget section */
		8C7C61E229BCE67400F59152 /* AlbumsLayout */ = {
			isa = PBXNativeTarget;
			buildConfigurationList = 8C7C61F729BCE67500F59152 /* Build configuration list for PBXNativeTarget "AlbumsLayout" */;
			buildPhases = (
				8C7C61DF29BCE67400F59152 /* Sources */,
				8C7C61E029BCE67400F59152 /* Frameworks */,
				8C7C61E129BCE67400F59152 /* Resources */,
			);
			buildRules = (
			);
			dependencies = (
			);
			name = AlbumsLayout;
			packageProductDependencies = (
				8CC7271129C1EF2800128941 /* SnapKit */,
			);
			productName = AlbumsLayout;
			productReference = 8C7C61E329BCE67400F59152 /* AlbumsLayout.app */;
			productType = "com.apple.product-type.application";
		};
/* End PBXNativeTarget section */

/* Begin PBXProject section */
		8C7C61DB29BCE67400F59152 /* Project object */ = {
			isa = PBXProject;
			attributes = {
				BuildIndependentTargetsInParallel = 1;
				LastSwiftUpdateCheck = 1410;
				LastUpgradeCheck = 1410;
				TargetAttributes = {
					8C7C61E229BCE67400F59152 = {
						CreatedOnToolsVersion = 14.1;
					};
				};
			};
			buildConfigurationList = 8C7C61DE29BCE67400F59152 /* Build configuration list for PBXProject "AlbumsLayout" */;
			compatibilityVersion = "Xcode 14.0";
			developmentRegion = en;
			hasScannedForEncodings = 0;
			knownRegions = (
				en,
				Base,
			);
			mainGroup = 8C7C61DA29BCE67400F59152;
			packageReferences = (
				8CC7271029C1EF2800128941 /* XCRemoteSwiftPackageReference "SnapKit" */,
			);
			productRefGroup = 8C7C61E429BCE67400F59152 /* Products */;
			projectDirPath = "";
			projectRoot = "";
			targets = (
				8C7C61E229BCE67400F59152 /* AlbumsLayout */,
			);
		};
/* End PBXProject section */

/* Begin PBXResourcesBuildPhase section */
		8C7C61E129BCE67400F59152 /* Resources */ = {
			isa = PBXResourcesBuildPhase;
			buildActionMask = 2147483647;
			files = (
				8C7C61F329BCE67500F59152 /* LaunchScreen.storyboard in Resources */,
				8C7C61F029BCE67500F59152 /* Assets.xcassets in Resources */,
			);
			runOnlyForDeploymentPostprocessing = 0;
		};
/* End PBXResourcesBuildPhase section */

/* Begin PBXSourcesBuildPhase section */
		8C7C61DF29BCE67400F59152 /* Sources */ = {
			isa = PBXSourcesBuildPhase;
			buildActionMask = 2147483647;
			files = (
				8CC7270A29C1E5BF00128941 /* PhotosTabBarController.swift in Sources */,
				8C7C61E729BCE67400F59152 /* AppDelegate.swift in Sources */,
				8C7C61E929BCE67400F59152 /* SceneDelegate.swift in Sources */,
				8CC7270F29C1E6E100128941 /* DefaultViewController.swift in Sources */,
				8CC7270D29C1E68100128941 /* AlbumsViewController.swift in Sources */,
				8C8F538B29C8BF3600DB9A41 /* Constants.swift in Sources */,
				8CC7271929C22B4200128941 /* Album.swift in Sources */,
				8CFA5F5329C2570E000AD630 /* AlbumVerticalCollectionViewCell.swift in Sources */,
				8CFA5F5129C24812000AD630 /* AlbumHeader.swift in Sources */,
				8CC7271429C1F02600128941 /* AlbumHorizontalCollectionViewCell.swift in Sources */,
			);
			runOnlyForDeploymentPostprocessing = 0;
		};
/* End PBXSourcesBuildPhase section */

/* Begin PBXVariantGroup section */
		8C7C61F129BCE67500F59152 /* LaunchScreen.storyboard */ = {
			isa = PBXVariantGroup;
			children = (
				8C7C61F229BCE67500F59152 /* Base */,
			);
			name = LaunchScreen.storyboard;
			sourceTree = "<group>";
		};
/* End PBXVariantGroup section */

/* Begin XCBuildConfiguration section */
		8C7C61F529BCE67500F59152 /* Debug */ = {
			isa = XCBuildConfiguration;
			buildSettings = {
				ALWAYS_SEARCH_USER_PATHS = NO;
				CLANG_ANALYZER_NONNULL = YES;
				CLANG_ANALYZER_NUMBER_OBJECT_CONVERSION = YES_AGGRESSIVE;
				CLANG_CXX_LANGUAGE_STANDARD = "gnu++20";
				CLANG_ENABLE_MODULES = YES;
				CLANG_ENABLE_OBJC_ARC = YES;
				CLANG_ENABLE_OBJC_WEAK = YES;
				CLANG_WARN_BLOCK_CAPTURE_AUTORELEASING = YES;
				CLANG_WARN_BOOL_CONVERSION = YES;
				CLANG_WARN_COMMA = YES;
				CLANG_WARN_CONSTANT_CONVERSION = YES;
				CLANG_WARN_DEPRECATED_OBJC_IMPLEMENTATIONS = YES;
				CLANG_WARN_DIRECT_OBJC_ISA_USAGE = YES_ERROR;
				CLANG_WARN_DOCUMENTATION_COMMENTS = YES;
				CLANG_WARN_EMPTY_BODY = YES;
				CLANG_WARN_ENUM_CONVERSION = YES;
				CLANG_WARN_INFINITE_RECURSION = YES;
				CLANG_WARN_INT_CONVERSION = YES;
				CLANG_WARN_NON_LITERAL_NULL_CONVERSION = YES;
				CLANG_WARN_OBJC_IMPLICIT_RETAIN_SELF = YES;
				CLANG_WARN_OBJC_LITERAL_CONVERSION = YES;
				CLANG_WARN_OBJC_ROOT_CLASS = YES_ERROR;
				CLANG_WARN_QUOTED_INCLUDE_IN_FRAMEWORK_HEADER = YES;
				CLANG_WARN_RANGE_LOOP_ANALYSIS = YES;
				CLANG_WARN_STRICT_PROTOTYPES = YES;
				CLANG_WARN_SUSPICIOUS_MOVE = YES;
				CLANG_WARN_UNGUARDED_AVAILABILITY = YES_AGGRESSIVE;
				CLANG_WARN_UNREACHABLE_CODE = YES;
				CLANG_WARN__DUPLICATE_METHOD_MATCH = YES;
				COPY_PHASE_STRIP = NO;
				DEBUG_INFORMATION_FORMAT = dwarf;
				ENABLE_STRICT_OBJC_MSGSEND = YES;
				ENABLE_TESTABILITY = YES;
				GCC_C_LANGUAGE_STANDARD = gnu11;
				GCC_DYNAMIC_NO_PIC = NO;
				GCC_NO_COMMON_BLOCKS = YES;
				GCC_OPTIMIZATION_LEVEL = 0;
				GCC_PREPROCESSOR_DEFINITIONS = (
					"DEBUG=1",
					"$(inherited)",
				);
				GCC_WARN_64_TO_32_BIT_CONVERSION = YES;
				GCC_WARN_ABOUT_RETURN_TYPE = YES_ERROR;
				GCC_WARN_UNDECLARED_SELECTOR = YES;
				GCC_WARN_UNINITIALIZED_AUTOS = YES_AGGRESSIVE;
				GCC_WARN_UNUSED_FUNCTION = YES;
				GCC_WARN_UNUSED_VARIABLE = YES;
				IPHONEOS_DEPLOYMENT_TARGET = 16.1;
				MTL_ENABLE_DEBUG_INFO = INCLUDE_SOURCE;
				MTL_FAST_MATH = YES;
				ONLY_ACTIVE_ARCH = YES;
				SDKROOT = iphoneos;
				SWIFT_ACTIVE_COMPILATION_CONDITIONS = DEBUG;
				SWIFT_OPTIMIZATION_LEVEL = "-Onone";
			};
			name = Debug;
		};
		8C7C61F629BCE67500F59152 /* Release */ = {
			isa = XCBuildConfiguration;
			buildSettings = {
				ALWAYS_SEARCH_USER_PATHS = NO;
				CLANG_ANALYZER_NONNULL = YES;
				CLANG_ANALYZER_NUMBER_OBJECT_CONVERSION = YES_AGGRESSIVE;
				CLANG_CXX_LANGUAGE_STANDARD = "gnu++20";
				CLANG_ENABLE_MODULES = YES;
				CLANG_ENABLE_OBJC_ARC = YES;
				CLANG_ENABLE_OBJC_WEAK = YES;
				CLANG_WARN_BLOCK_CAPTURE_AUTORELEASING = YES;
				CLANG_WARN_BOOL_CONVERSION = YES;
				CLANG_WARN_COMMA = YES;
				CLANG_WARN_CONSTANT_CONVERSION = YES;
				CLANG_WARN_DEPRECATED_OBJC_IMPLEMENTATIONS = YES;
				CLANG_WARN_DIRECT_OBJC_ISA_USAGE = YES_ERROR;
				CLANG_WARN_DOCUMENTATION_COMMENTS = YES;
				CLANG_WARN_EMPTY_BODY = YES;
				CLANG_WARN_ENUM_CONVERSION = YES;
				CLANG_WARN_INFINITE_RECURSION = YES;
				CLANG_WARN_INT_CONVERSION = YES;
				CLANG_WARN_NON_LITERAL_NULL_CONVERSION = YES;
				CLANG_WARN_OBJC_IMPLICIT_RETAIN_SELF = YES;
				CLANG_WARN_OBJC_LITERAL_CONVERSION = YES;
				CLANG_WARN_OBJC_ROOT_CLASS = YES_ERROR;
				CLANG_WARN_QUOTED_INCLUDE_IN_FRAMEWORK_HEADER = YES;
				CLANG_WARN_RANGE_LOOP_ANALYSIS = YES;
				CLANG_WARN_STRICT_PROTOTYPES = YES;
				CLANG_WARN_SUSPICIOUS_MOVE = YES;
				CLANG_WARN_UNGUARDED_AVAILABILITY = YES_AGGRESSIVE;
				CLANG_WARN_UNREACHABLE_CODE = YES;
				CLANG_WARN__DUPLICATE_METHOD_MATCH = YES;
				COPY_PHASE_STRIP = NO;
				DEBUG_INFORMATION_FORMAT = "dwarf-with-dsym";
				ENABLE_NS_ASSERTIONS = NO;
				ENABLE_STRICT_OBJC_MSGSEND = YES;
				GCC_C_LANGUAGE_STANDARD = gnu11;
				GCC_NO_COMMON_BLOCKS = YES;
				GCC_WARN_64_TO_32_BIT_CONVERSION = YES;
				GCC_WARN_ABOUT_RETURN_TYPE = YES_ERROR;
				GCC_WARN_UNDECLARED_SELECTOR = YES;
				GCC_WARN_UNINITIALIZED_AUTOS = YES_AGGRESSIVE;
				GCC_WARN_UNUSED_FUNCTION = YES;
				GCC_WARN_UNUSED_VARIABLE = YES;
				IPHONEOS_DEPLOYMENT_TARGET = 16.1;
				MTL_ENABLE_DEBUG_INFO = NO;
				MTL_FAST_MATH = YES;
				SDKROOT = iphoneos;
				SWIFT_COMPILATION_MODE = wholemodule;
				SWIFT_OPTIMIZATION_LEVEL = "-O";
				VALIDATE_PRODUCT = YES;
			};
			name = Release;
		};
		8C7C61F829BCE67500F59152 /* Debug */ = {
			isa = XCBuildConfiguration;
			buildSettings = {
				ASSETCATALOG_COMPILER_APPICON_NAME = AppIcon;
				ASSETCATALOG_COMPILER_GLOBAL_ACCENT_COLOR_NAME = AccentColor;
				CODE_SIGN_STYLE = Automatic;
				CURRENT_PROJECT_VERSION = 1;
				DEVELOPMENT_TEAM = ST9BJ59MKD;
				GENERATE_INFOPLIST_FILE = YES;
				INFOPLIST_FILE = AlbumsLayout/Resources/Configuration/Info.plist;
				INFOPLIST_KEY_UIApplicationSupportsIndirectInputEvents = YES;
				INFOPLIST_KEY_UILaunchStoryboardName = LaunchScreen;
				INFOPLIST_KEY_UISupportedInterfaceOrientations_iPad = "UIInterfaceOrientationPortrait UIInterfaceOrientationPortraitUpsideDown UIInterfaceOrientationLandscapeLeft UIInterfaceOrientationLandscapeRight";
				INFOPLIST_KEY_UISupportedInterfaceOrientations_iPhone = "UIInterfaceOrientationPortrait UIInterfaceOrientationLandscapeLeft UIInterfaceOrientationLandscapeRight";
				LD_RUNPATH_SEARCH_PATHS = (
					"$(inherited)",
					"@executable_path/Frameworks",
				);
				MARKETING_VERSION = 1.0;
				PRODUCT_BUNDLE_IDENTIFIER = kz.AlbumsLayout;
				PRODUCT_NAME = "$(TARGET_NAME)";
				SWIFT_EMIT_LOC_STRINGS = YES;
				SWIFT_VERSION = 5.0;
				TARGETED_DEVICE_FAMILY = "1,2";
			};
			name = Debug;
		};
		8C7C61F929BCE67500F59152 /* Release */ = {
			isa = XCBuildConfiguration;
			buildSettings = {
				ASSETCATALOG_COMPILER_APPICON_NAME = AppIcon;
				ASSETCATALOG_COMPILER_GLOBAL_ACCENT_COLOR_NAME = AccentColor;
				CODE_SIGN_STYLE = Automatic;
				CURRENT_PROJECT_VERSION = 1;
				DEVELOPMENT_TEAM = ST9BJ59MKD;
				GENERATE_INFOPLIST_FILE = YES;
				INFOPLIST_FILE = AlbumsLayout/Resources/Configuration/Info.plist;
				INFOPLIST_KEY_UIApplicationSupportsIndirectInputEvents = YES;
				INFOPLIST_KEY_UILaunchStoryboardName = LaunchScreen;
				INFOPLIST_KEY_UISupportedInterfaceOrientations_iPad = "UIInterfaceOrientationPortrait UIInterfaceOrientationPortraitUpsideDown UIInterfaceOrientationLandscapeLeft UIInterfaceOrientationLandscapeRight";
				INFOPLIST_KEY_UISupportedInterfaceOrientations_iPhone = "UIInterfaceOrientationPortrait UIInterfaceOrientationLandscapeLeft UIInterfaceOrientationLandscapeRight";
				LD_RUNPATH_SEARCH_PATHS = (
					"$(inherited)",
					"@executable_path/Frameworks",
				);
				MARKETING_VERSION = 1.0;
				PRODUCT_BUNDLE_IDENTIFIER = kz.AlbumsLayout;
				PRODUCT_NAME = "$(TARGET_NAME)";
				SWIFT_EMIT_LOC_STRINGS = YES;
				SWIFT_VERSION = 5.0;
				TARGETED_DEVICE_FAMILY = "1,2";
			};
			name = Release;
		};
/* End XCBuildConfiguration section */

/* Begin XCConfigurationList section */
		8C7C61DE29BCE67400F59152 /* Build configuration list for PBXProject "AlbumsLayout" */ = {
			isa = XCConfigurationList;
			buildConfigurations = (
				8C7C61F529BCE67500F59152 /* Debug */,
				8C7C61F629BCE67500F59152 /* Release */,
			);
			defaultConfigurationIsVisible = 0;
			defaultConfigurationName = Release;
		};
		8C7C61F729BCE67500F59152 /* Build configuration list for PBXNativeTarget "AlbumsLayout" */ = {
			isa = XCConfigurationList;
			buildConfigurations = (
				8C7C61F829BCE67500F59152 /* Debug */,
				8C7C61F929BCE67500F59152 /* Release */,
			);
			defaultConfigurationIsVisible = 0;
			defaultConfigurationName = Release;
		};
/* End XCConfigurationList section */

/* Begin XCRemoteSwiftPackageReference section */
		8CC7271029C1EF2800128941 /* XCRemoteSwiftPackageReference "SnapKit" */ = {
			isa = XCRemoteSwiftPackageReference;
			repositoryURL = "https://github.com/SnapKit/SnapKit.git";
			requirement = {
				branch = develop;
				kind = branch;
			};
		};
/* End XCRemoteSwiftPackageReference section */

/* Begin XCSwiftPackageProductDependency section */
		8CC7271129C1EF2800128941 /* SnapKit */ = {
			isa = XCSwiftPackageProductDependency;
			package = 8CC7271029C1EF2800128941 /* XCRemoteSwiftPackageReference "SnapKit" */;
			productName = SnapKit;
		};
/* End XCSwiftPackageProductDependency section */
	};
	rootObject = 8C7C61DB29BCE67400F59152 /* Project object */;
}
